
Microsoft Visual Studio Solution File, Format Version 12.00
# Visual Studio Version 17
VisualStudioVersion = 17.0.31903.59
MinimumVisualStudioVersion = 10.0.40219.1
Project("{2150E333-8FDC-42A3-9474-1A3956D46DE8}") = "TokenRanges", "TokenRanges", "{92C2F9F5-72C3-44C0-8550-65AD563AD30E}"
EndProject
Project("{2150E333-8FDC-42A3-9474-1A3956D46DE8}") = "src", "src", "{06B5C9D8-B7AD-41AF-A949-A37E0752289E}"
EndProject
Project("{FAE04EC0-301F-11D3-BF4B-00C04F79EFBC}") = "Shortify.TokenRangeService", "TokenRanges\src\Shortify.TokenRangeService\Shortify.TokenRangeService.csproj", "{2F468F3C-4D9F-489B-8C42-9161AEE908E7}"
EndProject
Project("{2150E333-8FDC-42A3-9474-1A3956D46DE8}") = "tests", "tests", "{E5A38306-3550-4EB5-8B90-A974538F39F1}"
EndProject
Project("{FAE04EC0-301F-11D3-BF4B-00C04F79EFBC}") = "Shortify.TokenRangeService.Tests", "TokenRanges\tests\Shortify.TokenRangeService.Tests\Shortify.TokenRangeService.Tests.csproj", "{072023D3-590C-4755-96A2-FD3A620B3D73}"
EndProject
Project("{2150E333-8FDC-42A3-9474-1A3956D46DE8}") = "Api", "Api", "{783B9C7B-3BEF-4981-8090-C16D774C7BC8}"
EndProject
Project("{2150E333-8FDC-42A3-9474-1A3956D46DE8}") = "src", "src", "{27876155-9BB4-4B19-81AF-8E363728A7AE}"
EndProject
Project("{2150E333-8FDC-42A3-9474-1A3956D46DE8}") = "tests", "tests", "{B16FECDE-D4EE-4CCD-81AD-76299A9CFCA8}"
EndProject
Project("{FAE04EC0-301F-11D3-BF4B-00C04F79EFBC}") = "Shortify.Api", "Api\src\Shortify.Api\Shortify.Api.csproj", "{0D6F3F7B-AC16-43BD-808C-51AC83D17606}"
EndProject
Project("{FAE04EC0-301F-11D3-BF4B-00C04F79EFBC}") = "Shortify.Core", "Api\src\Shortify.Core\Shortify.Core.csproj", "{A27B9F6D-78F2-4AE6-982D-4F8E68986ABA}"
EndProject
Project("{FAE04EC0-301F-11D3-BF4B-00C04F79EFBC}") = "Shortify.Infrastructure", "Api\src\Shortify.Infrastructure\Shortify.Infrastructure.csproj", "{99992698-39C8-4460-8573-5F9691740DE4}"
EndProject
Project("{FAE04EC0-301F-11D3-BF4B-00C04F79EFBC}") = "Shortify.Api.Core.Tests", "Api\tests\Shortify.Api.Core.Tests\Shortify.Api.Core.Tests.csproj", "{B5AADE68-B96D-40A2-B4EA-B818A2B9BF7E}"
EndProject
Project("{FAE04EC0-301F-11D3-BF4B-00C04F79EFBC}") = "Shortify.Tests", "Api\tests\Shortify.Tests\Shortify.Tests.csproj", "{40596731-AFF9-438F-99E8-84836866CA7B}"
EndProject
Project("{2150E333-8FDC-42A3-9474-1A3956D46DE8}") = "RedirectApi", "RedirectApi", "{7615172F-1894-4531-A412-0AB290339955}"
EndProject
Project("{2150E333-8FDC-42A3-9474-1A3956D46DE8}") = "src", "src", "{309F4020-EE90-4935-A3C0-B7881B9C2602}"
EndProject
Project("{2150E333-8FDC-42A3-9474-1A3956D46DE8}") = "tests", "tests", "{CD7B44D2-9FC3-40A5-AE95-672F27E020CA}"
EndProject
Project("{FAE04EC0-301F-11D3-BF4B-00C04F79EFBC}") = "Shortify.RedirectApi", "RedirectApi\src\Shortify.RedirectApi\Shortify.RedirectApi.csproj", "{C6D68EF2-8933-4C82-AEE4-2330D2261594}"
EndProject
Project("{FAE04EC0-301F-11D3-BF4B-00C04F79EFBC}") = "Shortify.RedirectApi.Tests", "RedirectApi\tests\Shortify.RedirectApi.Tests\Shortify.RedirectApi.Tests.csproj", "{D36AB07D-9D65-4194-A595-34B4ED83C65F}"
EndProject
Project("{2150E333-8FDC-42A3-9474-1A3956D46DE8}") = "Libraries", "Libraries", "{356504FB-D46E-413E-A3EB-75BBC4E33026}"
EndProject
Project("{FAE04EC0-301F-11D3-BF4B-00C04F79EFBC}") = "Shortify.Libraries.Testing", "Libraries\Shortify.Libraries.Testing\Shortify.Libraries.Testing.csproj", "{C63F1A69-E721-4789-9968-DDE2F64C077F}"
EndProject
Global
	GlobalSection(SolutionConfigurationPlatforms) = preSolution
		Debug|Any CPU = Debug|Any CPU
		Release|Any CPU = Release|Any CPU
	EndGlobalSection
	GlobalSection(ProjectConfigurationPlatforms) = postSolution
		{2F468F3C-4D9F-489B-8C42-9161AEE908E7}.Debug|Any CPU.ActiveCfg = Debug|Any CPU
		{2F468F3C-4D9F-489B-8C42-9161AEE908E7}.Debug|Any CPU.Build.0 = Debug|Any CPU
		{2F468F3C-4D9F-489B-8C42-9161AEE908E7}.Release|Any CPU.ActiveCfg = Release|Any CPU
		{2F468F3C-4D9F-489B-8C42-9161AEE908E7}.Release|Any CPU.Build.0 = Release|Any CPU
		{072023D3-590C-4755-96A2-FD3A620B3D73}.Debug|Any CPU.ActiveCfg = Debug|Any CPU
		{072023D3-590C-4755-96A2-FD3A620B3D73}.Debug|Any CPU.Build.0 = Debug|Any CPU
		{072023D3-590C-4755-96A2-FD3A620B3D73}.Release|Any CPU.ActiveCfg = Release|Any CPU
		{072023D3-590C-4755-96A2-FD3A620B3D73}.Release|Any CPU.Build.0 = Release|Any CPU
		{0D6F3F7B-AC16-43BD-808C-51AC83D17606}.Debug|Any CPU.ActiveCfg = Debug|Any CPU
		{0D6F3F7B-AC16-43BD-808C-51AC83D17606}.Debug|Any CPU.Build.0 = Debug|Any CPU
		{0D6F3F7B-AC16-43BD-808C-51AC83D17606}.Release|Any CPU.ActiveCfg = Release|Any CPU
		{0D6F3F7B-AC16-43BD-808C-51AC83D17606}.Release|Any CPU.Build.0 = Release|Any CPU
		{A27B9F6D-78F2-4AE6-982D-4F8E68986ABA}.Debug|Any CPU.ActiveCfg = Debug|Any CPU
		{A27B9F6D-78F2-4AE6-982D-4F8E68986ABA}.Debug|Any CPU.Build.0 = Debug|Any CPU
		{A27B9F6D-78F2-4AE6-982D-4F8E68986ABA}.Release|Any CPU.ActiveCfg = Release|Any CPU
		{A27B9F6D-78F2-4AE6-982D-4F8E68986ABA}.Release|Any CPU.Build.0 = Release|Any CPU
		{99992698-39C8-4460-8573-5F9691740DE4}.Debug|Any CPU.ActiveCfg = Debug|Any CPU
		{99992698-39C8-4460-8573-5F9691740DE4}.Debug|Any CPU.Build.0 = Debug|Any CPU
		{99992698-39C8-4460-8573-5F9691740DE4}.Release|Any CPU.ActiveCfg = Release|Any CPU
		{99992698-39C8-4460-8573-5F9691740DE4}.Release|Any CPU.Build.0 = Release|Any CPU
		{B5AADE68-B96D-40A2-B4EA-B818A2B9BF7E}.Debug|Any CPU.ActiveCfg = Debug|Any CPU
		{B5AADE68-B96D-40A2-B4EA-B818A2B9BF7E}.Debug|Any CPU.Build.0 = Debug|Any CPU
		{B5AADE68-B96D-40A2-B4EA-B818A2B9BF7E}.Release|Any CPU.ActiveCfg = Release|Any CPU
		{B5AADE68-B96D-40A2-B4EA-B818A2B9BF7E}.Release|Any CPU.Build.0 = Release|Any CPU
		{40596731-AFF9-438F-99E8-84836866CA7B}.Debug|Any CPU.ActiveCfg = Debug|Any CPU
		{40596731-AFF9-438F-99E8-84836866CA7B}.Debug|Any CPU.Build.0 = Debug|Any CPU
		{40596731-AFF9-438F-99E8-84836866CA7B}.Release|Any CPU.ActiveCfg = Release|Any CPU
		{40596731-AFF9-438F-99E8-84836866CA7B}.Release|Any CPU.Build.0 = Release|Any CPU
		{C6D68EF2-8933-4C82-AEE4-2330D2261594}.Debug|Any CPU.ActiveCfg = Debug|Any CPU
		{C6D68EF2-8933-4C82-AEE4-2330D2261594}.Debug|Any CPU.Build.0 = Debug|Any CPU
		{C6D68EF2-8933-4C82-AEE4-2330D2261594}.Release|Any CPU.ActiveCfg = Release|Any CPU
		{C6D68EF2-8933-4C82-AEE4-2330D2261594}.Release|Any CPU.Build.0 = Release|Any CPU
		{D36AB07D-9D65-4194-A595-34B4ED83C65F}.Debug|Any CPU.ActiveCfg = Debug|Any CPU
		{D36AB07D-9D65-4194-A595-34B4ED83C65F}.Debug|Any CPU.Build.0 = Debug|Any CPU
		{D36AB07D-9D65-4194-A595-34B4ED83C65F}.Release|Any CPU.ActiveCfg = Release|Any CPU
		{D36AB07D-9D65-4194-A595-34B4ED83C65F}.Release|Any CPU.Build.0 = Release|Any CPU
		{C63F1A69-E721-4789-9968-DDE2F64C077F}.Debug|Any CPU.ActiveCfg = Debug|Any CPU
		{C63F1A69-E721-4789-9968-DDE2F64C077F}.Debug|Any CPU.Build.0 = Debug|Any CPU
		{C63F1A69-E721-4789-9968-DDE2F64C077F}.Release|Any CPU.ActiveCfg = Release|Any CPU
		{C63F1A69-E721-4789-9968-DDE2F64C077F}.Release|Any CPU.Build.0 = Release|Any CPU
	EndGlobalSection
	GlobalSection(SolutionProperties) = preSolution
		HideSolutionNode = FALSE
	EndGlobalSection
	GlobalSection(ExtensibilityGlobals) = postSolution
		SolutionGuid = {1D28E290-CE6C-4A42-A4DD-0D53479CBC94}
	EndGlobalSection
	GlobalSection(NestedProjects) = preSolution
		{06B5C9D8-B7AD-41AF-A949-A37E0752289E} = {92C2F9F5-72C3-44C0-8550-65AD563AD30E}
		{2F468F3C-4D9F-489B-8C42-9161AEE908E7} = {06B5C9D8-B7AD-41AF-A949-A37E0752289E}
		{E5A38306-3550-4EB5-8B90-A974538F39F1} = {92C2F9F5-72C3-44C0-8550-65AD563AD30E}
		{072023D3-590C-4755-96A2-FD3A620B3D73} = {E5A38306-3550-4EB5-8B90-A974538F39F1}
		{27876155-9BB4-4B19-81AF-8E363728A7AE} = {783B9C7B-3BEF-4981-8090-C16D774C7BC8}
		{B16FECDE-D4EE-4CCD-81AD-76299A9CFCA8} = {783B9C7B-3BEF-4981-8090-C16D774C7BC8}
		{0D6F3F7B-AC16-43BD-808C-51AC83D17606} = {27876155-9BB4-4B19-81AF-8E363728A7AE}
		{A27B9F6D-78F2-4AE6-982D-4F8E68986ABA} = {27876155-9BB4-4B19-81AF-8E363728A7AE}
		{99992698-39C8-4460-8573-5F9691740DE4} = {27876155-9BB4-4B19-81AF-8E363728A7AE}
		{B5AADE68-B96D-40A2-B4EA-B818A2B9BF7E} = {B16FECDE-D4EE-4CCD-81AD-76299A9CFCA8}
		{40596731-AFF9-438F-99E8-84836866CA7B} = {B16FECDE-D4EE-4CCD-81AD-76299A9CFCA8}
		{309F4020-EE90-4935-A3C0-B7881B9C2602} = {7615172F-1894-4531-A412-0AB290339955}
		{CD7B44D2-9FC3-40A5-AE95-672F27E020CA} = {7615172F-1894-4531-A412-0AB290339955}
		{C6D68EF2-8933-4C82-AEE4-2330D2261594} = {309F4020-EE90-4935-A3C0-B7881B9C2602}
		{D36AB07D-9D65-4194-A595-34B4ED83C65F} = {CD7B44D2-9FC3-40A5-AE95-672F27E020CA}
		{C63F1A69-E721-4789-9968-DDE2F64C077F} = {356504FB-D46E-413E-A3EB-75BBC4E33026}
	EndGlobalSection
EndGlobal
