
Microsoft Visual Studio Solution File, Format Version 12.00
# Visual Studio Version 17
VisualStudioVersion = 17.0.31903.59
MinimumVisualStudioVersion = 10.0.40219.1
Project("{9A19103F-16F7-4668-BE54-9A1E7A4F7556}") = "Shortify.Api", "Api\src\Shortify.Api\Shortify.Api.csproj", "{2FF88773-8431-49F6-8D74-CE2424496C55}"
EndProject
Project("{9A19103F-16F7-4668-BE54-9A1E7A4F7556}") = "Shortify.Api.Core.Tests", "Api\tests\Shortify.Api.Core.Tests\Shortify.Api.Core.Tests.csproj", "{DB582295-321C-48CF-8478-A87FAB0822A6}"
EndProject
Project("{9A19103F-16F7-4668-BE54-9A1E7A4F7556}") = "Shortify.Core", "Api\src\Shortify.Core\Shortify.Core.csproj", "{22E9D0C1-7DCA-4279-A87A-4266EDA1DBD7}"
EndProject
Project("{FAE04EC0-301F-11D3-BF4B-00C04F79EFBC}") = "Shortify.Tests", "Api\tests\Shortify.Tests\Shortify.Tests.csproj", "{D7948FE9-C235-4823-9F72-05D582497F88}"
EndProject
Project("{FAE04EC0-301F-11D3-BF4B-00C04F79EFBC}") = "Shortify.Infrastructure", "Api\src\Shortify.Infrastructure\Shortify.Infrastructure.csproj", "{5CAF1116-2970-405D-95E4-8E01FA71C0BA}"
EndProject
Project("{2150E333-8FDC-42A3-9474-1A3956D46DE8}") = "TokenRanges", "TokenRanges", "{92C2F9F5-72C3-44C0-8550-65AD563AD30E}"
EndProject
Project("{2150E333-8FDC-42A3-9474-1A3956D46DE8}") = "src", "src", "{06B5C9D8-B7AD-41AF-A949-A37E0752289E}"
EndProject
Project("{FAE04EC0-301F-11D3-BF4B-00C04F79EFBC}") = "Shortify.TokenRangeService", "TokenRanges\src\Shortify.TokenRangeService\Shortify.TokenRangeService.csproj", "{2F468F3C-4D9F-489B-8C42-9161AEE908E7}"
EndProject
Global
	GlobalSection(SolutionConfigurationPlatforms) = preSolution
		Debug|Any CPU = Debug|Any CPU
		Release|Any CPU = Release|Any CPU
	EndGlobalSection
	GlobalSection(ProjectConfigurationPlatforms) = postSolution
		{2FF88773-8431-49F6-8D74-CE2424496C55}.Debug|Any CPU.ActiveCfg = Debug|Any CPU
		{2FF88773-8431-49F6-8D74-CE2424496C55}.Debug|Any CPU.Build.0 = Debug|Any CPU
		{2FF88773-8431-49F6-8D74-CE2424496C55}.Release|Any CPU.ActiveCfg = Release|Any CPU
		{2FF88773-8431-49F6-8D74-CE2424496C55}.Release|Any CPU.Build.0 = Release|Any CPU
		{DB582295-321C-48CF-8478-A87FAB0822A6}.Debug|Any CPU.ActiveCfg = Debug|Any CPU
		{DB582295-321C-48CF-8478-A87FAB0822A6}.Debug|Any CPU.Build.0 = Debug|Any CPU
		{DB582295-321C-48CF-8478-A87FAB0822A6}.Release|Any CPU.ActiveCfg = Release|Any CPU
		{DB582295-321C-48CF-8478-A87FAB0822A6}.Release|Any CPU.Build.0 = Release|Any CPU
		{22E9D0C1-7DCA-4279-A87A-4266EDA1DBD7}.Debug|Any CPU.ActiveCfg = Debug|Any CPU
		{22E9D0C1-7DCA-4279-A87A-4266EDA1DBD7}.Debug|Any CPU.Build.0 = Debug|Any CPU
		{22E9D0C1-7DCA-4279-A87A-4266EDA1DBD7}.Release|Any CPU.ActiveCfg = Release|Any CPU
		{22E9D0C1-7DCA-4279-A87A-4266EDA1DBD7}.Release|Any CPU.Build.0 = Release|Any CPU
		{D7948FE9-C235-4823-9F72-05D582497F88}.Debug|Any CPU.ActiveCfg = Debug|Any CPU
		{D7948FE9-C235-4823-9F72-05D582497F88}.Debug|Any CPU.Build.0 = Debug|Any CPU
		{D7948FE9-C235-4823-9F72-05D582497F88}.Release|Any CPU.ActiveCfg = Release|Any CPU
		{D7948FE9-C235-4823-9F72-05D582497F88}.Release|Any CPU.Build.0 = Release|Any CPU
		{5CAF1116-2970-405D-95E4-8E01FA71C0BA}.Debug|Any CPU.ActiveCfg = Debug|Any CPU
		{5CAF1116-2970-405D-95E4-8E01FA71C0BA}.Debug|Any CPU.Build.0 = Debug|Any CPU
		{5CAF1116-2970-405D-95E4-8E01FA71C0BA}.Release|Any CPU.ActiveCfg = Release|Any CPU
		{5CAF1116-2970-405D-95E4-8E01FA71C0BA}.Release|Any CPU.Build.0 = Release|Any CPU
		{2F468F3C-4D9F-489B-8C42-9161AEE908E7}.Debug|Any CPU.ActiveCfg = Debug|Any CPU
		{2F468F3C-4D9F-489B-8C42-9161AEE908E7}.Debug|Any CPU.Build.0 = Debug|Any CPU
		{2F468F3C-4D9F-489B-8C42-9161AEE908E7}.Release|Any CPU.ActiveCfg = Release|Any CPU
		{2F468F3C-4D9F-489B-8C42-9161AEE908E7}.Release|Any CPU.Build.0 = Release|Any CPU
	EndGlobalSection
	GlobalSection(SolutionProperties) = preSolution
		HideSolutionNode = FALSE
	EndGlobalSection
	GlobalSection(ExtensibilityGlobals) = postSolution
		SolutionGuid = {1D28E290-CE6C-4A42-A4DD-0D53479CBC94}
	EndGlobalSection
	GlobalSection(NestedProjects) = preSolution
		{06B5C9D8-B7AD-41AF-A949-A37E0752289E} = {92C2F9F5-72C3-44C0-8550-65AD563AD30E}
		{2F468F3C-4D9F-489B-8C42-9161AEE908E7} = {06B5C9D8-B7AD-41AF-A949-A37E0752289E}
	EndGlobalSection
EndGlobal
